
Microsoft Visual Studio Solution File, Format Version 12.00
# Visual Studio Version 17
VisualStudioVersion = 17.0.32112.339
MinimumVisualStudioVersion = 10.0.40219.1
<<<<<<< Updated upstream
Project("{FAE04EC0-301F-11D3-BF4B-00C04F79EFBC}") = "MailService", "MailService\MailService.csproj", "{999C52DC-DB7A-46C6-8EC8-A961363C0DFB}"
=======
Project("{9A19103F-16F7-4668-BE54-9A1E7A4F7556}") = "MailService", "MailService\MailService.csproj", "{999C52DC-DB7A-46C6-8EC8-A961363C0DFB}"
>>>>>>> Stashed changes
EndProject
Global
	GlobalSection(SolutionConfigurationPlatforms) = preSolution
		Debug|Any CPU = Debug|Any CPU
		Release|Any CPU = Release|Any CPU
	EndGlobalSection
	GlobalSection(ProjectConfigurationPlatforms) = postSolution
		{999C52DC-DB7A-46C6-8EC8-A961363C0DFB}.Debug|Any CPU.ActiveCfg = Debug|Any CPU
		{999C52DC-DB7A-46C6-8EC8-A961363C0DFB}.Debug|Any CPU.Build.0 = Debug|Any CPU
		{999C52DC-DB7A-46C6-8EC8-A961363C0DFB}.Release|Any CPU.ActiveCfg = Release|Any CPU
		{999C52DC-DB7A-46C6-8EC8-A961363C0DFB}.Release|Any CPU.Build.0 = Release|Any CPU
	EndGlobalSection
	GlobalSection(SolutionProperties) = preSolution
		HideSolutionNode = FALSE
	EndGlobalSection
	GlobalSection(ExtensibilityGlobals) = postSolution
		SolutionGuid = {D19785D7-0EE6-405D-8F60-0E881EA3979C}
	EndGlobalSection
EndGlobal
